
Microsoft Visual Studio Solution File, Format Version 12.00
# Visual Studio Version 17
VisualStudioVersion = 17.6.33815.320
MinimumVisualStudioVersion = 10.0.40219.1
Project("{2150E333-8FDC-42A3-9474-1A3956D46DE8}") = "Services", "Services", "{F533A367-1067-4837-AF6C-EEFAB94DF32E}"
EndProject
Project("{2150E333-8FDC-42A3-9474-1A3956D46DE8}") = "Catalog", "Catalog", "{59BB5E58-95E4-4DE3-9374-012B29FD2B8C}"
EndProject
Project("{9A19103F-16F7-4668-BE54-9A1E7A4F7556}") = "Catalog.API", "src\Catalog.API\Catalog.API.csproj", "{975BEFC0-CD3A-4120-ACBE-A04B6BC20EDE}"
EndProject
Project("{E53339B2-1760-4266-BCC7-CA923CBCF16C}") = "docker-compose", "docker-compose.dcproj", "{4D470A5F-7A2A-497F-ACE1-5979BF46F40D}"
EndProject
Project("{2150E333-8FDC-42A3-9474-1A3956D46DE8}") = "Basket", "Basket", "{77A085B3-6EF2-4115-9ADD-BE1440D0D3FF}"
EndProject
Project("{FAE04EC0-301F-11D3-BF4B-00C04F79EFBC}") = "Basket.API", "src\Services\Basket\Basket.API\Basket.API.csproj", "{D3873699-4F91-4C47-8795-A721B7AF489F}"
EndProject
Global
	GlobalSection(SolutionConfigurationPlatforms) = preSolution
		Debug|Any CPU = Debug|Any CPU
		Release|Any CPU = Release|Any CPU
	EndGlobalSection
	GlobalSection(ProjectConfigurationPlatforms) = postSolution
		{975BEFC0-CD3A-4120-ACBE-A04B6BC20EDE}.Debug|Any CPU.ActiveCfg = Debug|Any CPU
		{975BEFC0-CD3A-4120-ACBE-A04B6BC20EDE}.Debug|Any CPU.Build.0 = Debug|Any CPU
		{975BEFC0-CD3A-4120-ACBE-A04B6BC20EDE}.Release|Any CPU.ActiveCfg = Release|Any CPU
		{975BEFC0-CD3A-4120-ACBE-A04B6BC20EDE}.Release|Any CPU.Build.0 = Release|Any CPU
		{4D470A5F-7A2A-497F-ACE1-5979BF46F40D}.Debug|Any CPU.ActiveCfg = Debug|Any CPU
		{4D470A5F-7A2A-497F-ACE1-5979BF46F40D}.Debug|Any CPU.Build.0 = Debug|Any CPU
		{4D470A5F-7A2A-497F-ACE1-5979BF46F40D}.Release|Any CPU.ActiveCfg = Release|Any CPU
		{4D470A5F-7A2A-497F-ACE1-5979BF46F40D}.Release|Any CPU.Build.0 = Release|Any CPU
		{D3873699-4F91-4C47-8795-A721B7AF489F}.Debug|Any CPU.ActiveCfg = Debug|Any CPU
		{D3873699-4F91-4C47-8795-A721B7AF489F}.Debug|Any CPU.Build.0 = Debug|Any CPU
		{D3873699-4F91-4C47-8795-A721B7AF489F}.Release|Any CPU.ActiveCfg = Release|Any CPU
		{D3873699-4F91-4C47-8795-A721B7AF489F}.Release|Any CPU.Build.0 = Release|Any CPU
	EndGlobalSection
	GlobalSection(SolutionProperties) = preSolution
		HideSolutionNode = FALSE
	EndGlobalSection
	GlobalSection(NestedProjects) = preSolution
		{59BB5E58-95E4-4DE3-9374-012B29FD2B8C} = {F533A367-1067-4837-AF6C-EEFAB94DF32E}
		{975BEFC0-CD3A-4120-ACBE-A04B6BC20EDE} = {59BB5E58-95E4-4DE3-9374-012B29FD2B8C}
		{77A085B3-6EF2-4115-9ADD-BE1440D0D3FF} = {F533A367-1067-4837-AF6C-EEFAB94DF32E}
		{D3873699-4F91-4C47-8795-A721B7AF489F} = {77A085B3-6EF2-4115-9ADD-BE1440D0D3FF}
	EndGlobalSection
	GlobalSection(ExtensibilityGlobals) = postSolution
		SolutionGuid = {0783F787-793B-46F5-BC5B-3E3D0730E9DB}
	EndGlobalSection
EndGlobal
